{
  "name": "blog-md",
  "version": "1.0.0",
  "lockfileVersion": 1,
  "requires": true,
  "dependencies": {
    "accepts": {
      "version": "1.3.4",
      "resolved": "https://registry.npmjs.org/accepts/-/accepts-1.3.4.tgz",
      "integrity": "sha1-hiRnWMfdbSGmR0/whKR0DsBesh8=",
      "dev": true,
      "requires": {
        "mime-types": "2.1.17",
        "negotiator": "0.6.1"
      }
    },
    "argparse": {
      "version": "1.0.9",
      "resolved": "https://registry.npmjs.org/argparse/-/argparse-1.0.9.tgz",
      "integrity": "sha1-c9g7wmP4bpf4zE9rrhsOkKfSLIY=",
      "requires": {
        "sprintf-js": "1.0.3"
      }
    },
    "array-flatten": {
      "version": "1.1.1",
      "resolved": "https://registry.npmjs.org/array-flatten/-/array-flatten-1.1.1.tgz",
      "integrity": "sha1-ml9pkFGx5wczKPKgCJaLZOopVdI=",
      "dev": true
    },
    "bail": {
      "version": "1.0.2",
      "resolved": "https://registry.npmjs.org/bail/-/bail-1.0.2.tgz",
      "integrity": "sha1-99bBcxYwqfnw1NNe0fli4gdKF2Q="
    },
    "body-parser": {
      "version": "1.18.2",
      "resolved": "https://registry.npmjs.org/body-parser/-/body-parser-1.18.2.tgz",
      "integrity": "sha1-h2eKGdhLR9hZuDGZvVm84iKxBFQ=",
      "dev": true,
      "requires": {
        "bytes": "3.0.0",
        "content-type": "1.0.4",
        "debug": "2.6.9",
        "depd": "1.1.1",
        "http-errors": "1.6.2",
        "iconv-lite": "0.4.19",
        "on-finished": "2.3.0",
        "qs": "6.5.1",
        "raw-body": "2.3.2",
        "type-is": "1.6.15"
      }
    },
    "bytes": {
      "version": "3.0.0",
      "resolved": "https://registry.npmjs.org/bytes/-/bytes-3.0.0.tgz",
      "integrity": "sha1-0ygVQE1olpn4Wk6k+odV3ROpYEg=",
      "dev": true
    },
    "ccount": {
      "version": "1.0.2",
      "resolved": "https://registry.npmjs.org/ccount/-/ccount-1.0.2.tgz",
      "integrity": "sha1-U7ai+BW7d7nChx97mnLDol8djok="
    },
    "character-entities": {
      "version": "1.2.1",
      "resolved": "https://registry.npmjs.org/character-entities/-/character-entities-1.2.1.tgz",
      "integrity": "sha1-92hxvl72bdt/j440eOzDdMJ9bco="
    },
    "character-entities-html4": {
      "version": "1.1.1",
      "resolved": "https://registry.npmjs.org/character-entities-html4/-/character-entities-html4-1.1.1.tgz",
      "integrity": "sha1-NZoqSg9+KdPcKsmb2+Ie45Q46lA="
    },
    "character-entities-legacy": {
      "version": "1.1.1",
      "resolved": "https://registry.npmjs.org/character-entities-legacy/-/character-entities-legacy-1.1.1.tgz",
      "integrity": "sha1-9Ad53xoQGHK7UQo9KV4fzPFHIC8="
    },
    "character-reference-invalid": {
      "version": "1.1.1",
      "resolved": "https://registry.npmjs.org/character-reference-invalid/-/character-reference-invalid-1.1.1.tgz",
      "integrity": "sha1-lCg191Dk7GGjCOYMLvjMEBEgLvw="
    },
    "collapse-white-space": {
      "version": "1.0.3",
      "resolved": "https://registry.npmjs.org/collapse-white-space/-/collapse-white-space-1.0.3.tgz",
      "integrity": "sha1-S5BvZw5aljqHt2sOFolkM0G2Ajw="
    },
    "comma-separated-tokens": {
      "version": "1.0.4",
      "resolved": "https://registry.npmjs.org/comma-separated-tokens/-/comma-separated-tokens-1.0.4.tgz",
      "integrity": "sha1-cgg+WNSkYvAYZvZhf02Yo807ikY=",
      "requires": {
        "trim": "0.0.1"
      }
    },
    "content-disposition": {
      "version": "0.5.2",
      "resolved": "https://registry.npmjs.org/content-disposition/-/content-disposition-0.5.2.tgz",
      "integrity": "sha1-DPaLud318r55YcOoUXjLhdunjLQ=",
      "dev": true
    },
    "content-type": {
      "version": "1.0.4",
      "resolved": "https://registry.npmjs.org/content-type/-/content-type-1.0.4.tgz",
      "integrity": "sha512-hIP3EEPs8tB9AT1L+NUqtwOAps4mk2Zob89MWXMHjHWg9milF/j4osnnQLXBCBFBk/tvIG/tUc9mOUJiPBhPXA==",
      "dev": true
    },
    "cookie": {
      "version": "0.3.1",
      "resolved": "https://registry.npmjs.org/cookie/-/cookie-0.3.1.tgz",
      "integrity": "sha1-5+Ch+e9DtMi6klxcWpboBtFoc7s=",
      "dev": true
    },
    "cookie-signature": {
      "version": "1.0.6",
      "resolved": "https://registry.npmjs.org/cookie-signature/-/cookie-signature-1.0.6.tgz",
      "integrity": "sha1-4wOogrNCzD7oylE6eZmXNNqzriw=",
      "dev": true
    },
    "debug": {
      "version": "2.6.9",
      "resolved": "https://registry.npmjs.org/debug/-/debug-2.6.9.tgz",
      "integrity": "sha512-bC7ElrdJaJnPbAP+1EotYvqZsb3ecl5wi6Bfi6BJTUcNowp6cvspg0jXznRTKDjm/E7AdgFBVeAPVMNcKGsHMA==",
      "dev": true,
      "requires": {
        "ms": "2.0.0"
      }
    },
    "depd": {
      "version": "1.1.1",
      "resolved": "https://registry.npmjs.org/depd/-/depd-1.1.1.tgz",
      "integrity": "sha1-V4O04cRZ8G+lyif5kfPQbnoxA1k=",
      "dev": true
    },
    "destroy": {
      "version": "1.0.4",
      "resolved": "https://registry.npmjs.org/destroy/-/destroy-1.0.4.tgz",
      "integrity": "sha1-l4hXRCxEdJ5CBmE+N5RiBYJqvYA=",
      "dev": true
    },
    "detab": {
      "version": "2.0.1",
      "resolved": "https://registry.npmjs.org/detab/-/detab-2.0.1.tgz",
      "integrity": "sha512-/hhdqdQc5thGrqzjyO/pz76lDZ5GSuAs6goxOaKTsvPk7HNnzAyFN5lyHgqpX4/s1i66K8qMGj+VhA9504x7DQ==",
      "requires": {
        "repeat-string": "1.6.1"
      }
    },
    "ee-first": {
      "version": "1.1.1",
      "resolved": "https://registry.npmjs.org/ee-first/-/ee-first-1.1.1.tgz",
      "integrity": "sha1-WQxhFWsK4vTwJVcyoViyZrxWsh0=",
      "dev": true
    },
    "encodeurl": {
      "version": "1.0.1",
      "resolved": "https://registry.npmjs.org/encodeurl/-/encodeurl-1.0.1.tgz",
      "integrity": "sha1-eePVhlU0aQn+bw9Fpd5oEDspTSA=",
      "dev": true
    },
    "escape-html": {
      "version": "1.0.3",
      "resolved": "https://registry.npmjs.org/escape-html/-/escape-html-1.0.3.tgz",
      "integrity": "sha1-Aljq5NPQwJdN4cFpGI7wBR0dGYg=",
      "dev": true
    },
    "esprima": {
      "version": "4.0.0",
      "resolved": "https://registry.npmjs.org/esprima/-/esprima-4.0.0.tgz",
      "integrity": "sha512-oftTcaMu/EGrEIu904mWteKIv8vMuOgGYo7EhVJJN00R/EED9DCua/xxHRdYnKtcECzVg7xOWhflvJMnqcFZjw=="
    },
    "etag": {
      "version": "1.8.1",
      "resolved": "https://registry.npmjs.org/etag/-/etag-1.8.1.tgz",
      "integrity": "sha1-Qa4u62XvpiJorr/qg6x9eSmbCIc=",
      "dev": true
    },
    "express": {
      "version": "4.16.2",
      "resolved": "https://registry.npmjs.org/express/-/express-4.16.2.tgz",
      "integrity": "sha1-41xt/i1kt9ygpc1PIXgb4ymeB2w=",
      "dev": true,
      "requires": {
        "accepts": "1.3.4",
        "array-flatten": "1.1.1",
        "body-parser": "1.18.2",
        "content-disposition": "0.5.2",
        "content-type": "1.0.4",
        "cookie": "0.3.1",
        "cookie-signature": "1.0.6",
        "debug": "2.6.9",
        "depd": "1.1.1",
        "encodeurl": "1.0.1",
        "escape-html": "1.0.3",
        "etag": "1.8.1",
        "finalhandler": "1.1.0",
        "fresh": "0.5.2",
        "merge-descriptors": "1.0.1",
        "methods": "1.1.2",
        "on-finished": "2.3.0",
        "parseurl": "1.3.2",
        "path-to-regexp": "0.1.7",
        "proxy-addr": "2.0.2",
        "qs": "6.5.1",
        "range-parser": "1.2.0",
        "safe-buffer": "5.1.1",
        "send": "0.16.1",
        "serve-static": "1.13.1",
        "setprototypeof": "1.1.0",
        "statuses": "1.3.1",
        "type-is": "1.6.15",
        "utils-merge": "1.0.1",
        "vary": "1.1.2"
      }
    },
    "extend": {
      "version": "3.0.1",
      "resolved": "https://registry.npmjs.org/extend/-/extend-3.0.1.tgz",
      "integrity": "sha1-p1Xqe8Gt/MWjHOfnYtuq3F5jZEQ="
    },
    "finalhandler": {
      "version": "1.1.0",
      "resolved": "https://registry.npmjs.org/finalhandler/-/finalhandler-1.1.0.tgz",
      "integrity": "sha1-zgtoVbRYU+eRsvzGgARtiCU91/U=",
      "dev": true,
      "requires": {
        "debug": "2.6.9",
        "encodeurl": "1.0.1",
        "escape-html": "1.0.3",
        "on-finished": "2.3.0",
        "parseurl": "1.3.2",
        "statuses": "1.3.1",
        "unpipe": "1.0.0"
      }
    },
    "forwarded": {
      "version": "0.1.2",
      "resolved": "https://registry.npmjs.org/forwarded/-/forwarded-0.1.2.tgz",
      "integrity": "sha1-mMI9qxF1ZXuMBXPozszZGw/xjIQ=",
      "dev": true
    },
    "fresh": {
      "version": "0.5.2",
      "resolved": "https://registry.npmjs.org/fresh/-/fresh-0.5.2.tgz",
      "integrity": "sha1-PYyt2Q2XZWn6g1qx+OSyOhBWBac=",
      "dev": true
    },
    "front-matter": {
      "version": "2.3.0",
      "resolved": "https://registry.npmjs.org/front-matter/-/front-matter-2.3.0.tgz",
      "integrity": "sha1-cgOviWzjV+4E4qpFFp6pHtf2dQQ=",
      "requires": {
        "js-yaml": "3.10.0"
      }
    },
    "fs-extra": {
      "version": "5.0.0",
      "resolved": "https://registry.npmjs.org/fs-extra/-/fs-extra-5.0.0.tgz",
      "integrity": "sha512-66Pm4RYbjzdyeuqudYqhFiNBbCIuI9kgRqLPSHIlXHidW8NIQtVdkM1yeZ4lXwuhbTETv3EUGMNHAAw6hiundQ==",
      "requires": {
        "graceful-fs": "4.1.11",
        "jsonfile": "4.0.0",
        "universalify": "0.1.1"
      }
    },
    "graceful-fs": {
      "version": "4.1.11",
      "resolved": "https://registry.npmjs.org/graceful-fs/-/graceful-fs-4.1.11.tgz",
      "integrity": "sha1-Dovf5NHduIVNZOBOp8AOKgJuVlg="
    },
    "hast-util-is-element": {
      "version": "1.0.0",
      "resolved": "https://registry.npmjs.org/hast-util-is-element/-/hast-util-is-element-1.0.0.tgz",
      "integrity": "sha1-P3IWl4sq4U2YdJh4eCZ18zvjzgA="
    },
    "hast-util-sanitize": {
      "version": "1.1.2",
      "resolved": "https://registry.npmjs.org/hast-util-sanitize/-/hast-util-sanitize-1.1.2.tgz",
      "integrity": "sha1-0QvWdXoh5ZwTq8iuNTDdO219Z54=",
      "requires": {
        "xtend": "4.0.1"
      }
    },
    "hast-util-to-html": {
      "version": "3.1.0",
      "resolved": "https://registry.npmjs.org/hast-util-to-html/-/hast-util-to-html-3.1.0.tgz",
      "integrity": "sha1-iCyZhJ5AEw6ZHAQuRW1FPZXDbP8=",
      "requires": {
        "ccount": "1.0.2",
        "comma-separated-tokens": "1.0.4",
        "hast-util-is-element": "1.0.0",
        "hast-util-whitespace": "1.0.0",
        "html-void-elements": "1.0.2",
        "kebab-case": "1.0.0",
        "property-information": "3.2.0",
        "space-separated-tokens": "1.1.1",
        "stringify-entities": "1.3.1",
        "unist-util-is": "2.1.1",
        "xtend": "4.0.1"
      }
    },
    "hast-util-whitespace": {
      "version": "1.0.0",
      "resolved": "https://registry.npmjs.org/hast-util-whitespace/-/hast-util-whitespace-1.0.0.tgz",
      "integrity": "sha1-vQlpGWJdKTbh/xe8Tff9cn8X7Ok="
    },
    "highlight.js": {
      "version": "9.12.0",
      "resolved": "https://registry.npmjs.org/highlight.js/-/highlight.js-9.12.0.tgz",
      "integrity": "sha1-5tnb5Xy+/mB1HwKvM2GVhwyQwB4="
    },
    "html-escaper": {
      "version": "1.0.1",
      "resolved": "https://registry.npmjs.org/html-escaper/-/html-escaper-1.0.1.tgz",
      "integrity": "sha1-7gKeKGJnQBeUE1Wn9h/Cx8Cm/XI="
    },
    "html-void-elements": {
      "version": "1.0.2",
      "resolved": "https://registry.npmjs.org/html-void-elements/-/html-void-elements-1.0.2.tgz",
      "integrity": "sha1-nSLgyjKsyVs/RbjVtPb73AWv/VU="
    },
    "http-errors": {
      "version": "1.6.2",
      "resolved": "https://registry.npmjs.org/http-errors/-/http-errors-1.6.2.tgz",
      "integrity": "sha1-CgAsyFcHGSp+eUbO7cERVfYOxzY=",
      "dev": true,
      "requires": {
        "depd": "1.1.1",
        "inherits": "2.0.3",
        "setprototypeof": "1.0.3",
        "statuses": "1.3.1"
      },
      "dependencies": {
        "setprototypeof": {
          "version": "1.0.3",
          "resolved": "https://registry.npmjs.org/setprototypeof/-/setprototypeof-1.0.3.tgz",
          "integrity": "sha1-ZlZ+NwQ+608E2RvWWMDL77VbjgQ=",
          "dev": true
        }
      }
    },
    "hyntax": {
      "version": "0.3.3",
      "resolved": "https://registry.npmjs.org/hyntax/-/hyntax-0.3.3.tgz",
      "integrity": "sha512-Oef05t9Dwyi2MSsTWLaQhN2I0U7cloVmQOh4mYousx1KXZPydGuuqOctZaXrgxq70hh8E5JrN/N/KCRiNDTF9A=="
    },
    "iconv-lite": {
      "version": "0.4.19",
      "resolved": "https://registry.npmjs.org/iconv-lite/-/iconv-lite-0.4.19.tgz",
      "integrity": "sha512-oTZqweIP51xaGPI4uPa56/Pri/480R+mo7SeU+YETByQNhDG55ycFyNLIgta9vXhILrxXDmF7ZGhqZIcuN0gJQ==",
      "dev": true
    },
    "inherits": {
      "version": "2.0.3",
      "resolved": "https://registry.npmjs.org/inherits/-/inherits-2.0.3.tgz",
      "integrity": "sha1-Yzwsg+PaQqUC9SRmAiSA9CCCYd4="
    },
    "ipaddr.js": {
      "version": "1.5.2",
      "resolved": "https://registry.npmjs.org/ipaddr.js/-/ipaddr.js-1.5.2.tgz",
      "integrity": "sha1-1LUFvemUaYfM8PxY2QEP+WB+P6A=",
      "dev": true
    },
    "is-alphabetical": {
      "version": "1.0.1",
      "resolved": "https://registry.npmjs.org/is-alphabetical/-/is-alphabetical-1.0.1.tgz",
      "integrity": "sha1-x3B5zJHU76x3W+EDS/LSQ/lebwg="
    },
    "is-alphanumerical": {
      "version": "1.0.1",
      "resolved": "https://registry.npmjs.org/is-alphanumerical/-/is-alphanumerical-1.0.1.tgz",
      "integrity": "sha1-37SqTRCF4zvbYcLe6cgOnGwZ9Ts=",
      "requires": {
        "is-alphabetical": "1.0.1",
        "is-decimal": "1.0.1"
      }
    },
    "is-buffer": {
      "version": "1.1.6",
      "resolved": "https://registry.npmjs.org/is-buffer/-/is-buffer-1.1.6.tgz",
      "integrity": "sha512-NcdALwpXkTm5Zvvbk7owOUSvVvBKDgKP5/ewfXEznmQFfs4ZRmanOeKBTjRVjka3QFoN6XJ+9F3USqfHqTaU5w=="
    },
    "is-decimal": {
      "version": "1.0.1",
      "resolved": "https://registry.npmjs.org/is-decimal/-/is-decimal-1.0.1.tgz",
      "integrity": "sha1-9ftqlJlq2ejjdh+/vQkfH8qMToI="
    },
    "is-hexadecimal": {
      "version": "1.0.1",
      "resolved": "https://registry.npmjs.org/is-hexadecimal/-/is-hexadecimal-1.0.1.tgz",
      "integrity": "sha1-bghLvJIGH7sJcexYts5tQE4k2mk="
    },
    "is-plain-obj": {
      "version": "1.1.0",
      "resolved": "https://registry.npmjs.org/is-plain-obj/-/is-plain-obj-1.1.0.tgz",
      "integrity": "sha1-caUMhCnfync8kqOQpKA7OfzVHT4="
    },
    "is-whitespace-character": {
      "version": "1.0.1",
      "resolved": "https://registry.npmjs.org/is-whitespace-character/-/is-whitespace-character-1.0.1.tgz",
      "integrity": "sha1-muAXbzKCtlRXoZks2whPil+DPjs="
    },
    "is-word-character": {
      "version": "1.0.1",
      "resolved": "https://registry.npmjs.org/is-word-character/-/is-word-character-1.0.1.tgz",
      "integrity": "sha1-WgP6HqkazopusMfNdw64bWXIvvs="
    },
    "js-yaml": {
      "version": "3.10.0",
      "resolved": "https://registry.npmjs.org/js-yaml/-/js-yaml-3.10.0.tgz",
      "integrity": "sha512-O2v52ffjLa9VeM43J4XocZE//WT9N0IiwDa3KSHH7Tu8CtH+1qM8SIZvnsTh6v+4yFy5KUY3BHUVwjpfAWsjIA==",
      "requires": {
        "argparse": "1.0.9",
        "esprima": "4.0.0"
      }
    },
    "jsonfile": {
      "version": "4.0.0",
      "resolved": "https://registry.npmjs.org/jsonfile/-/jsonfile-4.0.0.tgz",
      "integrity": "sha1-h3Gq4HmbZAdrdmQPygWPnBDjPss=",
      "requires": {
        "graceful-fs": "4.1.11"
      }
    },
    "kebab-case": {
      "version": "1.0.0",
      "resolved": "https://registry.npmjs.org/kebab-case/-/kebab-case-1.0.0.tgz",
      "integrity": "sha1-P55JkK3K0MaGwOcB92RYaPdfkes="
    },
    "markdown-escapes": {
      "version": "1.0.1",
      "resolved": "https://registry.npmjs.org/markdown-escapes/-/markdown-escapes-1.0.1.tgz",
      "integrity": "sha1-GZTfLTr0gR3lmmcUk0wrIpJzRRg="
    },
    "mdast-util-definitions": {
      "version": "1.2.2",
      "resolved": "https://registry.npmjs.org/mdast-util-definitions/-/mdast-util-definitions-1.2.2.tgz",
      "integrity": "sha512-9NloPSwaB9f1PKcGqaScfqRf6zKOEjTIXVIbPOmgWI/JKxznlgVXC5C+8qgl3AjYg2vJBRgLYfLICaNiac89iA==",
      "requires": {
        "unist-util-visit": "1.3.0"
      }
    },
    "mdast-util-to-hast": {
      "version": "3.0.0",
      "resolved": "https://registry.npmjs.org/mdast-util-to-hast/-/mdast-util-to-hast-3.0.0.tgz",
      "integrity": "sha512-zvEXH2AUevWfKuBqtEPNcDUPI8UC6yIVvgEgNi1v1dLnzb5Pfm+PZjnZn0FhW1WmHcrGMX059MAoqicEauzjcw==",
      "requires": {
        "collapse-white-space": "1.0.3",
        "detab": "2.0.1",
        "mdast-util-definitions": "1.2.2",
        "mdurl": "1.0.1",
        "trim": "0.0.1",
        "trim-lines": "1.1.0",
        "unist-builder": "1.0.2",
        "unist-util-generated": "1.1.1",
        "unist-util-position": "3.0.0",
        "unist-util-visit": "1.3.0",
        "xtend": "4.0.1"
      }
    },
    "mdurl": {
      "version": "1.0.1",
      "resolved": "https://registry.npmjs.org/mdurl/-/mdurl-1.0.1.tgz",
      "integrity": "sha1-/oWy7HWlkDfyrf7BAP1sYBdhFS4="
    },
    "media-typer": {
      "version": "0.3.0",
      "resolved": "https://registry.npmjs.org/media-typer/-/media-typer-0.3.0.tgz",
      "integrity": "sha1-hxDXrwqmJvj/+hzgAWhUUmMlV0g=",
      "dev": true
    },
    "merge-descriptors": {
      "version": "1.0.1",
      "resolved": "https://registry.npmjs.org/merge-descriptors/-/merge-descriptors-1.0.1.tgz",
      "integrity": "sha1-sAqqVW3YtEVoFQ7J0blT8/kMu2E=",
      "dev": true
    },
    "methods": {
      "version": "1.1.2",
      "resolved": "https://registry.npmjs.org/methods/-/methods-1.1.2.tgz",
      "integrity": "sha1-VSmk1nZUE07cxSZmVoNbD4Ua/O4=",
      "dev": true
    },
    "mime": {
      "version": "1.4.1",
      "resolved": "https://registry.npmjs.org/mime/-/mime-1.4.1.tgz",
      "integrity": "sha512-KI1+qOZu5DcW6wayYHSzR/tXKCDC5Om4s1z2QJjDULzLcmf3DvzS7oluY4HCTrc+9FiKmWUgeNLg7W3uIQvxtQ==",
      "dev": true
    },
    "mime-db": {
      "version": "1.30.0",
      "resolved": "https://registry.npmjs.org/mime-db/-/mime-db-1.30.0.tgz",
      "integrity": "sha1-dMZD2i3Z1qRTmZY0ZbJtXKfXHwE=",
      "dev": true
    },
    "mime-types": {
      "version": "2.1.17",
      "resolved": "https://registry.npmjs.org/mime-types/-/mime-types-2.1.17.tgz",
      "integrity": "sha1-Cdejk/A+mVp5+K+Fe3Cp4KsWVXo=",
      "dev": true,
      "requires": {
        "mime-db": "1.30.0"
      }
    },
    "ms": {
      "version": "2.0.0",
      "resolved": "https://registry.npmjs.org/ms/-/ms-2.0.0.tgz",
      "integrity": "sha1-VgiurfwAvmwpAd9fmGF4jeDVl8g=",
      "dev": true
    },
    "negotiator": {
      "version": "0.6.1",
      "resolved": "https://registry.npmjs.org/negotiator/-/negotiator-0.6.1.tgz",
      "integrity": "sha1-KzJxhOiZIQEXeyhWP7XnECrNDKk=",
      "dev": true
    },
    "object-assign": {
      "version": "4.1.1",
      "resolved": "https://registry.npmjs.org/object-assign/-/object-assign-4.1.1.tgz",
      "integrity": "sha1-IQmtx5ZYh8/AXLvUQsrIv7s2CGM="
    },
    "on-finished": {
      "version": "2.3.0",
      "resolved": "https://registry.npmjs.org/on-finished/-/on-finished-2.3.0.tgz",
      "integrity": "sha1-IPEzZIGwg811M3mSoWlxqi2QaUc=",
      "dev": true,
      "requires": {
        "ee-first": "1.1.1"
      }
    },
    "parse-entities": {
      "version": "1.1.1",
      "resolved": "https://registry.npmjs.org/parse-entities/-/parse-entities-1.1.1.tgz",
      "integrity": "sha1-gRLYhHExnyerrk1klksSL+ThuJA=",
      "requires": {
        "character-entities": "1.2.1",
        "character-entities-legacy": "1.1.1",
        "character-reference-invalid": "1.1.1",
        "is-alphanumerical": "1.0.1",
        "is-decimal": "1.0.1",
        "is-hexadecimal": "1.0.1"
      }
    },
    "parseurl": {
      "version": "1.3.2",
      "resolved": "https://registry.npmjs.org/parseurl/-/parseurl-1.3.2.tgz",
      "integrity": "sha1-/CidTtiZMRlGDBViUyYs3I3mW/M=",
      "dev": true
    },
    "path-to-regexp": {
      "version": "0.1.7",
      "resolved": "https://registry.npmjs.org/path-to-regexp/-/path-to-regexp-0.1.7.tgz",
      "integrity": "sha1-32BBeABfUi8V60SQ5yR6G/qmf4w=",
      "dev": true
    },
    "property-information": {
      "version": "3.2.0",
      "resolved": "https://registry.npmjs.org/property-information/-/property-information-3.2.0.tgz",
      "integrity": "sha1-/RSDyPusYYCPX+NZ52k6H0ilgzE="
    },
    "proxy-addr": {
      "version": "2.0.2",
      "resolved": "https://registry.npmjs.org/proxy-addr/-/proxy-addr-2.0.2.tgz",
      "integrity": "sha1-ZXFQT0e7mI7IGAJT+F3X4UlSvew=",
      "dev": true,
      "requires": {
        "forwarded": "0.1.2",
        "ipaddr.js": "1.5.2"
      }
    },
    "qs": {
      "version": "6.5.1",
      "resolved": "https://registry.npmjs.org/qs/-/qs-6.5.1.tgz",
      "integrity": "sha512-eRzhrN1WSINYCDCbrz796z37LOe3m5tmW7RQf6oBntukAG1nmovJvhnwHHRMAfeoItc1m2Hk02WER2aQ/iqs+A==",
      "dev": true
    },
    "range-parser": {
      "version": "1.2.0",
      "resolved": "https://registry.npmjs.org/range-parser/-/range-parser-1.2.0.tgz",
      "integrity": "sha1-9JvmtIeJTdxA3MlKMi9hEJLgDV4=",
      "dev": true
    },
    "raw-body": {
      "version": "2.3.2",
      "resolved": "https://registry.npmjs.org/raw-body/-/raw-body-2.3.2.tgz",
      "integrity": "sha1-vNYMd9Prk83gBQKVw/N5OJvIj4k=",
      "dev": true,
      "requires": {
        "bytes": "3.0.0",
        "http-errors": "1.6.2",
        "iconv-lite": "0.4.19",
        "unpipe": "1.0.0"
      }
    },
    "remark-html": {
      "version": "7.0.0",
      "resolved": "https://registry.npmjs.org/remark-html/-/remark-html-7.0.0.tgz",
      "integrity": "sha512-jqRzkZXCkM12gIY2ibMLTW41m7rfanliMTVQCFTezHJFsbH00YaTox/BX4gU+f/zCdzfhFJONtebFByvpMv37w==",
      "requires": {
        "hast-util-sanitize": "1.1.2",
        "hast-util-to-html": "3.1.0",
        "mdast-util-to-hast": "3.0.0",
        "xtend": "4.0.1"
      }
    },
    "remark-parse": {
      "version": "4.0.0",
      "resolved": "https://registry.npmjs.org/remark-parse/-/remark-parse-4.0.0.tgz",
      "integrity": "sha512-XZgICP2gJ1MHU7+vQaRM+VA9HEL3X253uwUM/BGgx3iv6TH2B3bF3B8q00DKcyP9YrJV+/7WOWEWBFF/u8cIsw==",
      "requires": {
        "collapse-white-space": "1.0.3",
        "is-alphabetical": "1.0.1",
        "is-decimal": "1.0.1",
        "is-whitespace-character": "1.0.1",
        "is-word-character": "1.0.1",
        "markdown-escapes": "1.0.1",
        "parse-entities": "1.1.1",
        "repeat-string": "1.6.1",
        "state-toggle": "1.0.0",
        "trim": "0.0.1",
        "trim-trailing-lines": "1.1.0",
        "unherit": "1.1.0",
        "unist-util-remove-position": "1.1.1",
        "vfile-location": "2.0.2",
        "xtend": "4.0.1"
      }
    },
    "repeat-string": {
      "version": "1.6.1",
      "resolved": "https://registry.npmjs.org/repeat-string/-/repeat-string-1.6.1.tgz",
      "integrity": "sha1-jcrkcOHIirwtYA//Sndihtp15jc="
    },
    "replace-ext": {
      "version": "1.0.0",
      "resolved": "https://registry.npmjs.org/replace-ext/-/replace-ext-1.0.0.tgz",
      "integrity": "sha1-3mMSg3P8v3w8z6TeWkgMRaZ5WOs="
    },
    "safe-buffer": {
      "version": "5.1.1",
      "resolved": "https://registry.npmjs.org/safe-buffer/-/safe-buffer-5.1.1.tgz",
      "integrity": "sha512-kKvNJn6Mm93gAczWVJg7wH+wGYWNrDHdWvpUmHyEsgCtIwwo3bqPtV4tR5tuPaUhTOo/kvhVwd8XwwOllGYkbg==",
      "dev": true
    },
    "send": {
      "version": "0.16.1",
      "resolved": "https://registry.npmjs.org/send/-/send-0.16.1.tgz",
      "integrity": "sha512-ElCLJdJIKPk6ux/Hocwhk7NFHpI3pVm/IZOYWqUmoxcgeyM+MpxHHKhb8QmlJDX1pU6WrgaHBkVNm73Sv7uc2A==",
      "dev": true,
      "requires": {
        "debug": "2.6.9",
        "depd": "1.1.1",
        "destroy": "1.0.4",
        "encodeurl": "1.0.1",
        "escape-html": "1.0.3",
        "etag": "1.8.1",
        "fresh": "0.5.2",
        "http-errors": "1.6.2",
        "mime": "1.4.1",
        "ms": "2.0.0",
        "on-finished": "2.3.0",
        "range-parser": "1.2.0",
        "statuses": "1.3.1"
      }
    },
    "serve-static": {
      "version": "1.13.1",
      "resolved": "https://registry.npmjs.org/serve-static/-/serve-static-1.13.1.tgz",
      "integrity": "sha512-hSMUZrsPa/I09VYFJwa627JJkNs0NrfL1Uzuup+GqHfToR2KcsXFymXSV90hoyw3M+msjFuQly+YzIH/q0MGlQ==",
      "dev": true,
      "requires": {
        "encodeurl": "1.0.1",
        "escape-html": "1.0.3",
        "parseurl": "1.3.2",
        "send": "0.16.1"
      }
    },
    "setprototypeof": {
      "version": "1.1.0",
      "resolved": "https://registry.npmjs.org/setprototypeof/-/setprototypeof-1.1.0.tgz",
      "integrity": "sha512-BvE/TwpZX4FXExxOxZyRGQQv651MSwmWKZGqvmPcRIjDqWub67kTKuIMx43cZZrS/cBBzwBcNDWoFxt2XEFIpQ==",
      "dev": true
    },
    "space-separated-tokens": {
      "version": "1.1.1",
      "resolved": "https://registry.npmjs.org/space-separated-tokens/-/space-separated-tokens-1.1.1.tgz",
      "integrity": "sha1-lpW5355lrsGBHUw/nOUlILwvfk0=",
      "requires": {
        "trim": "0.0.1"
      }
    },
    "sprintf-js": {
      "version": "1.0.3",
      "resolved": "https://registry.npmjs.org/sprintf-js/-/sprintf-js-1.0.3.tgz",
      "integrity": "sha1-BOaSb2YolTVPPdAVIDYzuFcpfiw="
    },
    "state-toggle": {
      "version": "1.0.0",
      "resolved": "https://registry.npmjs.org/state-toggle/-/state-toggle-1.0.0.tgz",
      "integrity": "sha1-0g+aYWu08MO5i5GSLSW2QKorxCU="
    },
    "statuses": {
      "version": "1.3.1",
      "resolved": "https://registry.npmjs.org/statuses/-/statuses-1.3.1.tgz",
      "integrity": "sha1-+vUbnrdKrvOzrPStX2Gr8ky3uT4=",
      "dev": true
    },
    "stringify-entities": {
      "version": "1.3.1",
      "resolved": "https://registry.npmjs.org/stringify-entities/-/stringify-entities-1.3.1.tgz",
      "integrity": "sha1-sVDsLXKsTBtfMktR+2soyc3/BYw=",
      "requires": {
        "character-entities-html4": "1.1.1",
        "character-entities-legacy": "1.1.1",
        "is-alphanumerical": "1.0.1",
        "is-hexadecimal": "1.0.1"
      }
    },
    "trim": {
      "version": "0.0.1",
      "resolved": "https://registry.npmjs.org/trim/-/trim-0.0.1.tgz",
      "integrity": "sha1-WFhUf2spB1fulczMZm+1AITEYN0="
    },
    "trim-lines": {
      "version": "1.1.0",
      "resolved": "https://registry.npmjs.org/trim-lines/-/trim-lines-1.1.0.tgz",
      "integrity": "sha1-mSbQPt4Tuhj31CIiYx+wTHn/Jv4="
    },
    "trim-trailing-lines": {
      "version": "1.1.0",
      "resolved": "https://registry.npmjs.org/trim-trailing-lines/-/trim-trailing-lines-1.1.0.tgz",
      "integrity": "sha1-eu+7eAjfnWafbaLkOMrIxGradoQ="
    },
    "trough": {
      "version": "1.0.1",
      "resolved": "https://registry.npmjs.org/trough/-/trough-1.0.1.tgz",
      "integrity": "sha1-qf2LA5Swro//guBjOgo2zK1bX4Y="
    },
    "type-is": {
      "version": "1.6.15",
      "resolved": "https://registry.npmjs.org/type-is/-/type-is-1.6.15.tgz",
      "integrity": "sha1-yrEPtJCeRByChC6v4a1kbIGARBA=",
      "dev": true,
      "requires": {
        "media-typer": "0.3.0",
        "mime-types": "2.1.17"
      }
    },
    "unherit": {
      "version": "1.1.0",
      "resolved": "https://registry.npmjs.org/unherit/-/unherit-1.1.0.tgz",
      "integrity": "sha1-a5qu379z3xdWrZ4xbdmBiFhAzX0=",
      "requires": {
        "inherits": "2.0.3",
        "xtend": "4.0.1"
      }
    },
    "unified": {
      "version": "6.1.6",
      "resolved": "https://registry.npmjs.org/unified/-/unified-6.1.6.tgz",
      "integrity": "sha512-pW2f82bCIo2ifuIGYcV12fL96kMMYgw7JKVEgh7ODlrM9rj6vXSY3BV+H6lCcv1ksxynFf582hwWLnA1qRFy4w==",
      "requires": {
        "bail": "1.0.2",
        "extend": "3.0.1",
        "is-plain-obj": "1.1.0",
        "trough": "1.0.1",
        "vfile": "2.3.0",
        "x-is-function": "1.0.4",
        "x-is-string": "0.1.0"
      }
    },
    "unist-builder": {
      "version": "1.0.2",
      "resolved": "https://registry.npmjs.org/unist-builder/-/unist-builder-1.0.2.tgz",
      "integrity": "sha1-jDuZA+9kvPsRfdfPal2Y/Bs7J7Y=",
      "requires": {
        "object-assign": "4.1.1"
      }
    },
    "unist-util-generated": {
      "version": "1.1.1",
      "resolved": "https://registry.npmjs.org/unist-util-generated/-/unist-util-generated-1.1.1.tgz",
      "integrity": "sha1-mfFseJWayFTe58YVwpGSTIv03n8="
    },
    "unist-util-is": {
      "version": "2.1.1",
      "resolved": "https://registry.npmjs.org/unist-util-is/-/unist-util-is-2.1.1.tgz",
      "integrity": "sha1-DDEmKeP5YMZukx6BLT2A53AQlHs="
    },
    "unist-util-position": {
      "version": "3.0.0",
      "resolved": "https://registry.npmjs.org/unist-util-position/-/unist-util-position-3.0.0.tgz",
      "integrity": "sha1-5uHgPu64HF4a/lU+jUrfvXwNj4I="
    },
    "unist-util-remove-position": {
      "version": "1.1.1",
      "resolved": "https://registry.npmjs.org/unist-util-remove-position/-/unist-util-remove-position-1.1.1.tgz",
      "integrity": "sha1-WoXBVV/BugwQG4ZwfRXlD6TIcbs=",
      "requires": {
        "unist-util-visit": "1.3.0"
      }
    },
    "unist-util-stringify-position": {
      "version": "1.1.1",
      "resolved": "https://registry.npmjs.org/unist-util-stringify-position/-/unist-util-stringify-position-1.1.1.tgz",
      "integrity": "sha1-PMvcU2ee7W7PN3fdf14yKcG2qjw="
    },
    "unist-util-visit": {
      "version": "1.3.0",
      "resolved": "https://registry.npmjs.org/unist-util-visit/-/unist-util-visit-1.3.0.tgz",
      "integrity": "sha512-9ntYcxPFtl44gnwXrQKZ5bMqXMY0ZHzUpqMFiU4zcc8mmf/jzYm8GhYgezuUlX4cJIM1zIDYaO6fG/fI+L6iiQ==",
      "requires": {
        "unist-util-is": "2.1.1"
      }
    },
    "universalify": {
      "version": "0.1.1",
      "resolved": "https://registry.npmjs.org/universalify/-/universalify-0.1.1.tgz",
      "integrity": "sha1-+nG63UQ3r0wUiEHjs7Fl+enlkLc="
    },
    "unpipe": {
      "version": "1.0.0",
      "resolved": "https://registry.npmjs.org/unpipe/-/unpipe-1.0.0.tgz",
      "integrity": "sha1-sr9O6FFKrmFltIF4KdIbLvSZBOw=",
      "dev": true
    },
    "utils-merge": {
      "version": "1.0.1",
      "resolved": "https://registry.npmjs.org/utils-merge/-/utils-merge-1.0.1.tgz",
      "integrity": "sha1-n5VxD1CiZ5R7LMwSR0HBAoQn5xM=",
      "dev": true
    },
    "vary": {
      "version": "1.1.2",
      "resolved": "https://registry.npmjs.org/vary/-/vary-1.1.2.tgz",
      "integrity": "sha1-IpnwLG3tMNSllhsLn3RSShj2NPw=",
      "dev": true
    },
    "vfile": {
      "version": "2.3.0",
      "resolved": "https://registry.npmjs.org/vfile/-/vfile-2.3.0.tgz",
      "integrity": "sha512-ASt4mBUHcTpMKD/l5Q+WJXNtshlWxOogYyGYYrg4lt/vuRjC1EFQtlAofL5VmtVNIZJzWYFJjzGWZ0Gw8pzW1w==",
      "requires": {
        "is-buffer": "1.1.6",
        "replace-ext": "1.0.0",
        "unist-util-stringify-position": "1.1.1",
        "vfile-message": "1.0.0"
      }
    },
    "vfile-location": {
      "version": "2.0.2",
      "resolved": "https://registry.npmjs.org/vfile-location/-/vfile-location-2.0.2.tgz",
      "integrity": "sha1-02dcWch3SY5JK0dW/2Xkrxp1IlU="
    },
    "vfile-message": {
      "version": "1.0.0",
      "resolved": "https://registry.npmjs.org/vfile-message/-/vfile-message-1.0.0.tgz",
      "integrity": "sha512-HPREhzTOB/sNDc9/Mxf8w0FmHnThg5CRSJdR9VRFkD2riqYWs+fuXlj5z8mIpv2LrD7uU41+oPWFOL4Mjlf+dw==",
      "requires": {
        "unist-util-stringify-position": "1.1.1"
      }
    },
    "x-is-function": {
      "version": "1.0.4",
      "resolved": "https://registry.npmjs.org/x-is-function/-/x-is-function-1.0.4.tgz",
      "integrity": "sha1-XSlNw9Joy90GJYDgxd93o5HR+h4="
    },
    "x-is-string": {
      "version": "0.1.0",
      "resolved": "https://registry.npmjs.org/x-is-string/-/x-is-string-0.1.0.tgz",
      "integrity": "sha1-R0tQhlrzpJqcRlfwWs0UVFj3fYI="
    },
    "xtend": {
      "version": "4.0.1",
      "resolved": "https://registry.npmjs.org/xtend/-/xtend-4.0.1.tgz",
      "integrity": "sha1-pcbVMr5lbiPbgg77lDofBJmNY68="
    }
  }
}
